Microsoft Visual Studio Solution File, Format Version 12.00
# Visual Studio Version 17
VisualStudioVersion = 17.5.2.0
MinimumVisualStudioVersion = 10.0.40219.1
Project("{FAE04EC0-301F-11D3-BF4B-00C04F79EFBC}") = "archolosDotNet", "archolosDotNet.csproj", "{35B0BFE5-1EC1-393F-E772-E9DD763C877B}"
EndProject
Global
	GlobalSection(SolutionConfigurationPlatforms) = preSolution
		Debug|Any CPU = Debug|Any CPU
		Release|Any CPU = Release|Any CPU
	EndGlobalSection
	GlobalSection(ProjectConfigurationPlatforms) = postSolution
		{35B0BFE5-1EC1-393F-E772-E9DD763C877B}.Debug|Any CPU.ActiveCfg = Debug|Any CPU
		{35B0BFE5-1EC1-393F-E772-E9DD763C877B}.Debug|Any CPU.Build.0 = Debug|Any CPU
		{35B0BFE5-1EC1-393F-E772-E9DD763C877B}.Release|Any CPU.ActiveCfg = Release|Any CPU
		{35B0BFE5-1EC1-393F-E772-E9DD763C877B}.Release|Any CPU.Build.0 = Release|Any CPU
	EndGlobalSection
	GlobalSection(SolutionProperties) = preSolution
		HideSolutionNode = FALSE
	EndGlobalSection
	GlobalSection(ExtensibilityGlobals) = postSolution
		SolutionGuid = {4059D838-9315-47D2-A350-A22DE5F290B8}
	EndGlobalSection
EndGlobal
